
Microsoft Visual Studio Solution File, Format Version 12.00
# Visual Studio Version 17
VisualStudioVersion = 17.6.33723.286
MinimumVisualStudioVersion = 10.0.40219.1
Project("{2150E333-8FDC-42A3-9474-1A3956D46DE8}") = "SRP", "SRP", "{91570771-00A0-44B7-81D3-F7467E17E09F}"
EndProject
Project("{9A19103F-16F7-4668-BE54-9A1E7A4F7556}") = "NoSRP", "SRP\NoSRP\NoSRP.csproj", "{BBF2D1AD-4D7C-444B-B96E-1A4DB4807271}"
EndProject
Project("{9A19103F-16F7-4668-BE54-9A1E7A4F7556}") = "SRP", "SRP\SRP\SRP.csproj", "{498C877D-A9AA-43FB-9B6C-E88F5ADCF40A}"
EndProject
Global
	GlobalSection(SolutionConfigurationPlatforms) = preSolution
		Debug|Any CPU = Debug|Any CPU
		Release|Any CPU = Release|Any CPU
	EndGlobalSection
	GlobalSection(ProjectConfigurationPlatforms) = postSolution
		{BBF2D1AD-4D7C-444B-B96E-1A4DB4807271}.Debug|Any CPU.ActiveCfg = Debug|Any CPU
		{BBF2D1AD-4D7C-444B-B96E-1A4DB4807271}.Debug|Any CPU.Build.0 = Debug|Any CPU
		{BBF2D1AD-4D7C-444B-B96E-1A4DB4807271}.Release|Any CPU.ActiveCfg = Release|Any CPU
		{BBF2D1AD-4D7C-444B-B96E-1A4DB4807271}.Release|Any CPU.Build.0 = Release|Any CPU
		{498C877D-A9AA-43FB-9B6C-E88F5ADCF40A}.Debug|Any CPU.ActiveCfg = Debug|Any CPU
		{498C877D-A9AA-43FB-9B6C-E88F5ADCF40A}.Debug|Any CPU.Build.0 = Debug|Any CPU
		{498C877D-A9AA-43FB-9B6C-E88F5ADCF40A}.Release|Any CPU.ActiveCfg = Release|Any CPU
		{498C877D-A9AA-43FB-9B6C-E88F5ADCF40A}.Release|Any CPU.Build.0 = Release|Any CPU
	EndGlobalSection
	GlobalSection(SolutionProperties) = preSolution
		HideSolutionNode = FALSE
	EndGlobalSection
	GlobalSection(NestedProjects) = preSolution
		{BBF2D1AD-4D7C-444B-B96E-1A4DB4807271} = {91570771-00A0-44B7-81D3-F7467E17E09F}
		{498C877D-A9AA-43FB-9B6C-E88F5ADCF40A} = {91570771-00A0-44B7-81D3-F7467E17E09F}
	EndGlobalSection
	GlobalSection(ExtensibilityGlobals) = postSolution
		SolutionGuid = {6A5D45F2-788D-4AEA-8BA9-94BFBA2D0A03}
	EndGlobalSection
EndGlobal
