
Microsoft Visual Studio Solution File, Format Version 12.00
# Visual Studio Version 17
VisualStudioVersion = 17.6.33723.286
MinimumVisualStudioVersion = 10.0.40219.1
Project("{2150E333-8FDC-42A3-9474-1A3956D46DE8}") = "SRP", "SRP", "{91570771-00A0-44B7-81D3-F7467E17E09F}"
EndProject
Project("{9A19103F-16F7-4668-BE54-9A1E7A4F7556}") = "NoSRP", "SRP\NoSRP\NoSRP.csproj", "{BBF2D1AD-4D7C-444B-B96E-1A4DB4807271}"
EndProject
Project("{9A19103F-16F7-4668-BE54-9A1E7A4F7556}") = "SRP", "SRP\SRP\SRP.csproj", "{498C877D-A9AA-43FB-9B6C-E88F5ADCF40A}"
EndProject
Project("{2150E333-8FDC-42A3-9474-1A3956D46DE8}") = "OCP", "OCP", "{3E09DBF5-D745-4295-B710-453A1A7E399F}"
EndProject
Project("{9A19103F-16F7-4668-BE54-9A1E7A4F7556}") = "NoOCP", "OCP\NoOCP\NoOCP.csproj", "{EA3F9B8D-6BD9-4847-B287-CBB46C346A04}"
EndProject
Project("{9A19103F-16F7-4668-BE54-9A1E7A4F7556}") = "OCP", "OCP\OCP\OCP.csproj", "{A1B7DFB5-3A13-4756-B61A-9B347911395C}"
EndProject
Project("{2150E333-8FDC-42A3-9474-1A3956D46DE8}") = "LSP", "LSP", "{5752153A-FEFC-40BA-ACF2-E6934D5F2988}"
EndProject
Project("{9A19103F-16F7-4668-BE54-9A1E7A4F7556}") = "NoLSP", "LSP\NoLSP\NoLSP.csproj", "{BE46C5F4-1DE8-4ECA-BAAF-D52611FA87ED}"
EndProject
Project("{9A19103F-16F7-4668-BE54-9A1E7A4F7556}") = "LSP", "LSP\LSP\LSP.csproj", "{8486974D-7971-44AB-817E-5A8B061A163F}"
EndProject
Project("{2150E333-8FDC-42A3-9474-1A3956D46DE8}") = "ISP", "ISP", "{2E2EB769-FC06-423B-AEF5-C64F2B43BB99}"
EndProject
Project("{9A19103F-16F7-4668-BE54-9A1E7A4F7556}") = "NoISP", "ISP\NoISP\NoISP.csproj", "{06396176-3595-4D1E-8FC6-0A526F6D8035}"
EndProject
Project("{9A19103F-16F7-4668-BE54-9A1E7A4F7556}") = "ISP", "ISP\ISP\ISP.csproj", "{AC7C76F3-D8DA-436B-B437-94B8E3C5A84B}"
EndProject
Global
	GlobalSection(SolutionConfigurationPlatforms) = preSolution
		Debug|Any CPU = Debug|Any CPU
		Release|Any CPU = Release|Any CPU
	EndGlobalSection
	GlobalSection(ProjectConfigurationPlatforms) = postSolution
		{BBF2D1AD-4D7C-444B-B96E-1A4DB4807271}.Debug|Any CPU.ActiveCfg = Debug|Any CPU
		{BBF2D1AD-4D7C-444B-B96E-1A4DB4807271}.Debug|Any CPU.Build.0 = Debug|Any CPU
		{BBF2D1AD-4D7C-444B-B96E-1A4DB4807271}.Release|Any CPU.ActiveCfg = Release|Any CPU
		{BBF2D1AD-4D7C-444B-B96E-1A4DB4807271}.Release|Any CPU.Build.0 = Release|Any CPU
		{498C877D-A9AA-43FB-9B6C-E88F5ADCF40A}.Debug|Any CPU.ActiveCfg = Debug|Any CPU
		{498C877D-A9AA-43FB-9B6C-E88F5ADCF40A}.Debug|Any CPU.Build.0 = Debug|Any CPU
		{498C877D-A9AA-43FB-9B6C-E88F5ADCF40A}.Release|Any CPU.ActiveCfg = Release|Any CPU
		{498C877D-A9AA-43FB-9B6C-E88F5ADCF40A}.Release|Any CPU.Build.0 = Release|Any CPU
		{EA3F9B8D-6BD9-4847-B287-CBB46C346A04}.Debug|Any CPU.ActiveCfg = Debug|Any CPU
		{EA3F9B8D-6BD9-4847-B287-CBB46C346A04}.Debug|Any CPU.Build.0 = Debug|Any CPU
		{EA3F9B8D-6BD9-4847-B287-CBB46C346A04}.Release|Any CPU.ActiveCfg = Release|Any CPU
		{EA3F9B8D-6BD9-4847-B287-CBB46C346A04}.Release|Any CPU.Build.0 = Release|Any CPU
		{A1B7DFB5-3A13-4756-B61A-9B347911395C}.Debug|Any CPU.ActiveCfg = Debug|Any CPU
		{A1B7DFB5-3A13-4756-B61A-9B347911395C}.Debug|Any CPU.Build.0 = Debug|Any CPU
		{A1B7DFB5-3A13-4756-B61A-9B347911395C}.Release|Any CPU.ActiveCfg = Release|Any CPU
		{A1B7DFB5-3A13-4756-B61A-9B347911395C}.Release|Any CPU.Build.0 = Release|Any CPU
		{BE46C5F4-1DE8-4ECA-BAAF-D52611FA87ED}.Debug|Any CPU.ActiveCfg = Debug|Any CPU
		{BE46C5F4-1DE8-4ECA-BAAF-D52611FA87ED}.Debug|Any CPU.Build.0 = Debug|Any CPU
		{BE46C5F4-1DE8-4ECA-BAAF-D52611FA87ED}.Release|Any CPU.ActiveCfg = Release|Any CPU
		{BE46C5F4-1DE8-4ECA-BAAF-D52611FA87ED}.Release|Any CPU.Build.0 = Release|Any CPU
		{8486974D-7971-44AB-817E-5A8B061A163F}.Debug|Any CPU.ActiveCfg = Debug|Any CPU
		{8486974D-7971-44AB-817E-5A8B061A163F}.Debug|Any CPU.Build.0 = Debug|Any CPU
		{8486974D-7971-44AB-817E-5A8B061A163F}.Release|Any CPU.ActiveCfg = Release|Any CPU
		{8486974D-7971-44AB-817E-5A8B061A163F}.Release|Any CPU.Build.0 = Release|Any CPU
		{06396176-3595-4D1E-8FC6-0A526F6D8035}.Debug|Any CPU.ActiveCfg = Debug|Any CPU
		{06396176-3595-4D1E-8FC6-0A526F6D8035}.Debug|Any CPU.Build.0 = Debug|Any CPU
		{06396176-3595-4D1E-8FC6-0A526F6D8035}.Release|Any CPU.ActiveCfg = Release|Any CPU
		{06396176-3595-4D1E-8FC6-0A526F6D8035}.Release|Any CPU.Build.0 = Release|Any CPU
		{AC7C76F3-D8DA-436B-B437-94B8E3C5A84B}.Debug|Any CPU.ActiveCfg = Debug|Any CPU
		{AC7C76F3-D8DA-436B-B437-94B8E3C5A84B}.Debug|Any CPU.Build.0 = Debug|Any CPU
		{AC7C76F3-D8DA-436B-B437-94B8E3C5A84B}.Release|Any CPU.ActiveCfg = Release|Any CPU
		{AC7C76F3-D8DA-436B-B437-94B8E3C5A84B}.Release|Any CPU.Build.0 = Release|Any CPU
	EndGlobalSection
	GlobalSection(SolutionProperties) = preSolution
		HideSolutionNode = FALSE
	EndGlobalSection
	GlobalSection(NestedProjects) = preSolution
		{BBF2D1AD-4D7C-444B-B96E-1A4DB4807271} = {91570771-00A0-44B7-81D3-F7467E17E09F}
		{498C877D-A9AA-43FB-9B6C-E88F5ADCF40A} = {91570771-00A0-44B7-81D3-F7467E17E09F}
		{EA3F9B8D-6BD9-4847-B287-CBB46C346A04} = {3E09DBF5-D745-4295-B710-453A1A7E399F}
		{A1B7DFB5-3A13-4756-B61A-9B347911395C} = {3E09DBF5-D745-4295-B710-453A1A7E399F}
		{BE46C5F4-1DE8-4ECA-BAAF-D52611FA87ED} = {5752153A-FEFC-40BA-ACF2-E6934D5F2988}
		{8486974D-7971-44AB-817E-5A8B061A163F} = {5752153A-FEFC-40BA-ACF2-E6934D5F2988}
		{06396176-3595-4D1E-8FC6-0A526F6D8035} = {2E2EB769-FC06-423B-AEF5-C64F2B43BB99}
		{AC7C76F3-D8DA-436B-B437-94B8E3C5A84B} = {2E2EB769-FC06-423B-AEF5-C64F2B43BB99}
	EndGlobalSection
	GlobalSection(ExtensibilityGlobals) = postSolution
		SolutionGuid = {6A5D45F2-788D-4AEA-8BA9-94BFBA2D0A03}
	EndGlobalSection
EndGlobal
